{
  "name": "portfolio",
  "requires": true,
  "lockfileVersion": 1,
  "dependencies": {
    "hubot-heroku-keepalive": {
      "version": "1.0.3",
      "resolved": "https://registry.npmjs.org/hubot-heroku-keepalive/-/hubot-heroku-keepalive-1.0.3.tgz",
      "integrity": "sha1-KVDigJXuSmrOK3b5DiqRupHmgTw="
    }
  }
}
